{
  "version": 4,
  "terraform_version": "1.3.9",
  "serial": 6,
  "lineage": "3e444a2d-4941-ef67-824f-44b6653f59e7",
  "outputs": {
    "security_group_id": {
      "value": "/subscriptions/7393eb97-30bf-427a-ac72-614fc7f96318/resourceGroups/vnet/providers/Microsoft.Network/networkSecurityGroups/nsg_terraform",
      "type": "string"
    },
    "subnet_id": {
      "value": "/subscriptions/7393eb97-30bf-427a-ac72-614fc7f96318/resourceGroups/vnet/providers/Microsoft.Network/virtualNetworks/vnet-terraform/subnets/subnet_terraform",
      "type": "string"
    },
    "vnet_id": {
      "value": "/subscriptions/7393eb97-30bf-427a-ac72-614fc7f96318/resourceGroups/vnet/providers/Microsoft.Network/virtualNetworks/vnet-terraform",
      "type": "string"
    }
  },
  "resources": [
    {
      "mode": "managed",
      "type": "azurerm_network_security_group",
      "name": "nsg",
      "provider": "provider[\"registry.terraform.io/hashicorp/azurerm\"]",
      "instances": [
        {
          "schema_version": 0,
          "attributes": {
            "id": "/subscriptions/7393eb97-30bf-427a-ac72-614fc7f96318/resourceGroups/vnet/providers/Microsoft.Network/networkSecurityGroups/nsg_terraform",
            "location": "brazilsouth",
            "name": "nsg_terraform",
            "resource_group_name": "vnet",
            "security_rule": [
              {
                "access": "Allow",
                "description": "",
                "destination_address_prefix": "*",
                "destination_address_prefixes": [],
                "destination_application_security_group_ids": [],
                "destination_port_range": "22",
                "destination_port_ranges": [],
                "direction": "Inbound",
                "name": "SSH",
                "priority": 100,
                "protocol": "Tcp",
                "source_address_prefix": "*",
                "source_address_prefixes": [],
                "source_application_security_group_ids": [],
                "source_port_range": "*",
                "source_port_ranges": []
              }
            ],
            "tags": {
              "managed_by": "Terraform",
              "owner": "Henricker"
            },
            "timeouts": null
          },
          "sensitive_attributes": [],
          "private": "eyJlMmJmYjczMC1lY2FhLTExZTYtOGY4OC0zNDM2M2JjN2M0YzAiOnsiY3JlYXRlIjoxODAwMDAwMDAwMDAwLCJkZWxldGUiOjE4MDAwMDAwMDAwMDAsInJlYWQiOjMwMDAwMDAwMDAwMCwidXBkYXRlIjoxODAwMDAwMDAwMDAwfX0=",
          "dependencies": [
            "azurerm_resource_group.resource_group"
          ]
        }
      ]
    },
    {
      "mode": "managed",
      "type": "azurerm_resource_group",
      "name": "resource_group",
      "provider": "provider[\"registry.terraform.io/hashicorp/azurerm\"]",
      "instances": [
        {
          "schema_version": 0,
          "attributes": {
            "id": "/subscriptions/7393eb97-30bf-427a-ac72-614fc7f96318/resourceGroups/vnet",
            "location": "brazilsouth",
            "name": "vnet",
            "tags": {
              "managed_by": "Terraform",
              "owner": "Henricker"
            },
            "timeouts": null
          },
          "sensitive_attributes": [],
          "private": "eyJlMmJmYjczMC1lY2FhLTExZTYtOGY4OC0zNDM2M2JjN2M0YzAiOnsiY3JlYXRlIjo1NDAwMDAwMDAwMDAwLCJkZWxldGUiOjU0MDAwMDAwMDAwMDAsInJlYWQiOjMwMDAwMDAwMDAwMCwidXBkYXRlIjo1NDAwMDAwMDAwMDAwfX0="
        }
      ]
    },
    {
      "mode": "managed",
      "type": "azurerm_subnet",
      "name": "subnet",
      "provider": "provider[\"registry.terraform.io/hashicorp/azurerm\"]",
      "instances": [
        {
          "schema_version": 0,
          "attributes": {
            "address_prefixes": [
              "10.0.1.0/24"
            ],
            "delegation": [],
            "enforce_private_link_endpoint_network_policies": false,
            "enforce_private_link_service_network_policies": false,
            "id": "/subscriptions/7393eb97-30bf-427a-ac72-614fc7f96318/resourceGroups/vnet/providers/Microsoft.Network/virtualNetworks/vnet-terraform/subnets/subnet_terraform",
            "name": "subnet_terraform",
            "private_endpoint_network_policies_enabled": true,
            "private_link_service_network_policies_enabled": true,
            "resource_group_name": "vnet",
            "service_endpoint_policy_ids": null,
            "service_endpoints": null,
            "timeouts": null,
            "virtual_network_name": "vnet-terraform"
          },
          "sensitive_attributes": [],
          "private": "eyJlMmJmYjczMC1lY2FhLTExZTYtOGY4OC0zNDM2M2JjN2M0YzAiOnsiY3JlYXRlIjoxODAwMDAwMDAwMDAwLCJkZWxldGUiOjE4MDAwMDAwMDAwMDAsInJlYWQiOjMwMDAwMDAwMDAwMCwidXBkYXRlIjoxODAwMDAwMDAwMDAwfX0=",
          "dependencies": [
            "azurerm_resource_group.resource_group",
            "azurerm_virtual_network.vnet"
          ]
        }
      ]
    },
    {
      "mode": "managed",
      "type": "azurerm_subnet_network_security_group_association",
      "name": "snsga",
      "provider": "provider[\"registry.terraform.io/hashicorp/azurerm\"]",
      "instances": [
        {
          "schema_version": 0,
          "attributes": {
            "id": "/subscriptions/7393eb97-30bf-427a-ac72-614fc7f96318/resourceGroups/vnet/providers/Microsoft.Network/virtualNetworks/vnet-terraform/subnets/subnet_terraform",
            "network_security_group_id": "/subscriptions/7393eb97-30bf-427a-ac72-614fc7f96318/resourceGroups/vnet/providers/Microsoft.Network/networkSecurityGroups/nsg_terraform",
            "subnet_id": "/subscriptions/7393eb97-30bf-427a-ac72-614fc7f96318/resourceGroups/vnet/providers/Microsoft.Network/virtualNetworks/vnet-terraform/subnets/subnet_terraform",
            "timeouts": null
          },
          "sensitive_attributes": [],
          "private": "eyJlMmJmYjczMC1lY2FhLTExZTYtOGY4OC0zNDM2M2JjN2M0YzAiOnsiY3JlYXRlIjoxODAwMDAwMDAwMDAwLCJkZWxldGUiOjE4MDAwMDAwMDAwMDAsInJlYWQiOjMwMDAwMDAwMDAwMCwidXBkYXRlIjoxODAwMDAwMDAwMDAwfX0=",
          "dependencies": [
            "azurerm_network_security_group.nsg",
            "azurerm_resource_group.resource_group",
            "azurerm_subnet.subnet",
            "azurerm_virtual_network.vnet"
          ]
        }
      ]
    },
    {
      "mode": "managed",
      "type": "azurerm_virtual_network",
      "name": "vnet",
      "provider": "provider[\"registry.terraform.io/hashicorp/azurerm\"]",
      "instances": [
        {
          "schema_version": 0,
          "attributes": {
            "address_space": [
              "10.0.0.0/16"
            ],
            "bgp_community": "",
            "ddos_protection_plan": [],
            "dns_servers": [],
            "edge_zone": "",
            "flow_timeout_in_minutes": 0,
            "guid": "2bc17320-bd79-4724-83ee-c0bfe160f467",
            "id": "/subscriptions/7393eb97-30bf-427a-ac72-614fc7f96318/resourceGroups/vnet/providers/Microsoft.Network/virtualNetworks/vnet-terraform",
            "location": "brazilsouth",
            "name": "vnet-terraform",
            "resource_group_name": "vnet",
            "subnet": [],
            "tags": {
              "managed_by": "Terraform",
              "owner": "Henricker"
            },
            "timeouts": null
          },
          "sensitive_attributes": [],
          "private": "eyJlMmJmYjczMC1lY2FhLTExZTYtOGY4OC0zNDM2M2JjN2M0YzAiOnsiY3JlYXRlIjoxODAwMDAwMDAwMDAwLCJkZWxldGUiOjE4MDAwMDAwMDAwMDAsInJlYWQiOjMwMDAwMDAwMDAwMCwidXBkYXRlIjoxODAwMDAwMDAwMDAwfX0=",
          "dependencies": [
            "azurerm_resource_group.resource_group"
          ]
        }
      ]
    }
  ],
  "check_results": null
}
